Microsoft Visual Studio Solution File, Format Version 12.00
# Visual Studio Version 17
VisualStudioVersion = 17.5.2.0
MinimumVisualStudioVersion = 10.0.40219.1
Project("{FAE04EC0-301F-11D3-BF4B-00C04F79EFBC}") = "TestMauiTemplate", "TestMauiTemplate.csproj", "{9DD93238-1931-66CD-1CDF-1E4F1CC91C39}"
EndProject
Global
	GlobalSection(SolutionConfigurationPlatforms) = preSolution
		Debug|Any CPU = Debug|Any CPU
		Release|Any CPU = Release|Any CPU
	EndGlobalSection
	GlobalSection(ProjectConfigurationPlatforms) = postSolution
		{9DD93238-1931-66CD-1CDF-1E4F1CC91C39}.Debug|Any CPU.ActiveCfg = Debug|Any CPU
		{9DD93238-1931-66CD-1CDF-1E4F1CC91C39}.Debug|Any CPU.Build.0 = Debug|Any CPU
		{9DD93238-1931-66CD-1CDF-1E4F1CC91C39}.Release|Any CPU.ActiveCfg = Release|Any CPU
		{9DD93238-1931-66CD-1CDF-1E4F1CC91C39}.Release|Any CPU.Build.0 = Release|Any CPU
	EndGlobalSection
	GlobalSection(SolutionProperties) = preSolution
		HideSolutionNode = FALSE
	EndGlobalSection
	GlobalSection(ExtensibilityGlobals) = postSolution
		SolutionGuid = {1656AA42-8F5D-4E83-96F5-296F1B6800AF}
	EndGlobalSection
EndGlobal
